
Microsoft Visual Studio Solution File, Format Version 12.00
# Visual Studio Version 16
VisualStudioVersion = 16.0.30128.74
MinimumVisualStudioVersion = 10.0.40219.1
Project("{8BC9CEB8-8B4A-11D0-8D11-00A0C91BC942}") = "作业4-1", "作业4-1.vcxproj", "{05648034-77B7-429B-ADC6-897B1A695ADB}"
EndProject
Global
	GlobalSection(SolutionConfigurationPlatforms) = preSolution
		Debug|x64 = Debug|x64
		Debug|x86 = Debug|x86
		Release|x64 = Release|x64
		Release|x86 = Release|x86
	EndGlobalSection
	GlobalSection(ProjectConfigurationPlatforms) = postSolution
		{05648034-77B7-429B-ADC6-897B1A695ADB}.Debug|x64.ActiveCfg = Debug|x64
		{05648034-77B7-429B-ADC6-897B1A695ADB}.Debug|x64.Build.0 = Debug|x64
		{05648034-77B7-429B-ADC6-897B1A695ADB}.Debug|x86.ActiveCfg = Debug|Win32
		{05648034-77B7-429B-ADC6-897B1A695ADB}.Debug|x86.Build.0 = Debug|Win32
		{05648034-77B7-429B-ADC6-897B1A695ADB}.Release|x64.ActiveCfg = Release|x64
		{05648034-77B7-429B-ADC6-897B1A695ADB}.Release|x64.Build.0 = Release|x64
		{05648034-77B7-429B-ADC6-897B1A695ADB}.Release|x86.ActiveCfg = Release|Win32
		{05648034-77B7-429B-ADC6-897B1A695ADB}.Release|x86.Build.0 = Release|Win32
	EndGlobalSection
	GlobalSection(SolutionProperties) = preSolution
		HideSolutionNode = FALSE
	EndGlobalSection
	GlobalSection(ExtensibilityGlobals) = postSolution
		SolutionGuid = {451CB803-8E66-4CF5-83C8-52AC4BE5CF90}
	EndGlobalSection
EndGlobal
