
Microsoft Visual Studio Solution File, Format Version 12.00
# Visual Studio Version 16
VisualStudioVersion = 16.0.30128.74
MinimumVisualStudioVersion = 10.0.40219.1
Project("{8BC9CEB8-8B4A-11D0-8D11-00A0C91BC942}") = "快速排序", "快速排序.vcxproj", "{6AC605BD-C84D-43DD-B28F-2FBF7B0EDED7}"
EndProject
Global
	GlobalSection(SolutionConfigurationPlatforms) = preSolution
		Debug|x64 = Debug|x64
		Debug|x86 = Debug|x86
		Release|x64 = Release|x64
		Release|x86 = Release|x86
	EndGlobalSection
	GlobalSection(ProjectConfigurationPlatforms) = postSolution
		{6AC605BD-C84D-43DD-B28F-2FBF7B0EDED7}.Debug|x64.ActiveCfg = Debug|x64
		{6AC605BD-C84D-43DD-B28F-2FBF7B0EDED7}.Debug|x64.Build.0 = Debug|x64
		{6AC605BD-C84D-43DD-B28F-2FBF7B0EDED7}.Debug|x86.ActiveCfg = Debug|Win32
		{6AC605BD-C84D-43DD-B28F-2FBF7B0EDED7}.Debug|x86.Build.0 = Debug|Win32
		{6AC605BD-C84D-43DD-B28F-2FBF7B0EDED7}.Release|x64.ActiveCfg = Release|x64
		{6AC605BD-C84D-43DD-B28F-2FBF7B0EDED7}.Release|x64.Build.0 = Release|x64
		{6AC605BD-C84D-43DD-B28F-2FBF7B0EDED7}.Release|x86.ActiveCfg = Release|Win32
		{6AC605BD-C84D-43DD-B28F-2FBF7B0EDED7}.Release|x86.Build.0 = Release|Win32
	EndGlobalSection
	GlobalSection(SolutionProperties) = preSolution
		HideSolutionNode = FALSE
	EndGlobalSection
	GlobalSection(ExtensibilityGlobals) = postSolution
		SolutionGuid = {F5D0F926-1BA7-4957-B1A5-410092F43AC0}
	EndGlobalSection
EndGlobal
