
Microsoft Visual Studio Solution File, Format Version 12.00
# Visual Studio Version 16
VisualStudioVersion = 16.0.31624.102
MinimumVisualStudioVersion = 10.0.40219.1
Project("{8BC9CEB8-8B4A-11D0-8D11-00A0C91BC942}") = "first，follow，select集合", "first，follow，select集合.vcxproj", "{1D1D0A91-64D8-45DC-A06F-9605CFC71D3A}"
EndProject
Global
	GlobalSection(SolutionConfigurationPlatforms) = preSolution
		Debug|x64 = Debug|x64
		Debug|x86 = Debug|x86
		Release|x64 = Release|x64
		Release|x86 = Release|x86
	EndGlobalSection
	GlobalSection(ProjectConfigurationPlatforms) = postSolution
		{1D1D0A91-64D8-45DC-A06F-9605CFC71D3A}.Debug|x64.ActiveCfg = Debug|x64
		{1D1D0A91-64D8-45DC-A06F-9605CFC71D3A}.Debug|x64.Build.0 = Debug|x64
		{1D1D0A91-64D8-45DC-A06F-9605CFC71D3A}.Debug|x86.ActiveCfg = Debug|Win32
		{1D1D0A91-64D8-45DC-A06F-9605CFC71D3A}.Debug|x86.Build.0 = Debug|Win32
		{1D1D0A91-64D8-45DC-A06F-9605CFC71D3A}.Release|x64.ActiveCfg = Release|x64
		{1D1D0A91-64D8-45DC-A06F-9605CFC71D3A}.Release|x64.Build.0 = Release|x64
		{1D1D0A91-64D8-45DC-A06F-9605CFC71D3A}.Release|x86.ActiveCfg = Release|Win32
		{1D1D0A91-64D8-45DC-A06F-9605CFC71D3A}.Release|x86.Build.0 = Release|Win32
	EndGlobalSection
	GlobalSection(SolutionProperties) = preSolution
		HideSolutionNode = FALSE
	EndGlobalSection
	GlobalSection(ExtensibilityGlobals) = postSolution
		SolutionGuid = {05B9194F-62CC-4A04-935B-C026FF0D511C}
	EndGlobalSection
EndGlobal
